
Microsoft Visual Studio Solution File, Format Version 12.00
# Visual Studio Version 17
VisualStudioVersion = 17.10.35004.147
MinimumVisualStudioVersion = 10.0.40219.1
Project("{FAE04EC0-301F-11D3-BF4B-00C04F79EFBC}") = "2lab_kpo_tree", "2lab_kpo_tree\2lab_kpo_tree.csproj", "{1C18F1B7-06F3-48E4-873F-6C5E972464C6}"
EndProject
Global
	GlobalSection(SolutionConfigurationPlatforms) = preSolution
		Debug|Any CPU = Debug|Any CPU
		Release|Any CPU = Release|Any CPU
	EndGlobalSection
	GlobalSection(ProjectConfigurationPlatforms) = postSolution
		{1C18F1B7-06F3-48E4-873F-6C5E972464C6}.Debug|Any CPU.ActiveCfg = Debug|Any CPU
		{1C18F1B7-06F3-48E4-873F-6C5E972464C6}.Debug|Any CPU.Build.0 = Debug|Any CPU
		{1C18F1B7-06F3-48E4-873F-6C5E972464C6}.Release|Any CPU.ActiveCfg = Release|Any CPU
		{1C18F1B7-06F3-48E4-873F-6C5E972464C6}.Release|Any CPU.Build.0 = Release|Any CPU
	EndGlobalSection
	GlobalSection(SolutionProperties) = preSolution
		HideSolutionNode = FALSE
	EndGlobalSection
	GlobalSection(ExtensibilityGlobals) = postSolution
		SolutionGuid = {96DFCB6F-41D8-47EA-B200-ABB00EF80C01}
	EndGlobalSection
EndGlobal
